// !$*UTF8*$!
{
	archiveVersion = 1;
	classes = {
	};
	objectVersion = 56;
	objects = {

/* Begin PBXBuildFile section */
		CC7055FA2A3B09C800C8A9B1 /* AppDelegate.swift in Sources */ = {isa = PBXBuildFile; fileRef = CC7055F92A3B09C800C8A9B1 /* AppDelegate.swift */; };
		CC7055FE2A3B09C800C8A9B1 /* ViewController.swift in Sources */ = {isa = PBXBuildFile; fileRef = CC7055FD2A3B09C800C8A9B1 /* ViewController.swift */; };
		CC7056012A3B09C800C8A9B1 /* Main.storyboard in Resources */ = {isa = PBXBuildFile; fileRef = CC7055FF2A3B09C800C8A9B1 /* Main.storyboard */; };
		CC7056032A3B09CA00C8A9B1 /* Assets.xcassets in Resources */ = {isa = PBXBuildFile; fileRef = CC7056022A3B09CA00C8A9B1 /* Assets.xcassets */; };
		CC7056062A3B09CA00C8A9B1 /* LaunchScreen.storyboard in Resources */ = {isa = PBXBuildFile; fileRef = CC7056042A3B09CA00C8A9B1 /* LaunchScreen.storyboard */; };
		CCC80A7C2A3B1BF200A950A4 /* Mydevice.swift in Sources */ = {isa = PBXBuildFile; fileRef = CCC80A7B2A3B1BF200A950A4 /* Mydevice.swift */; };
		CCC80A7E2A3B1C0000A950A4 /* Extension.swift in Sources */ = {isa = PBXBuildFile; fileRef = CCC80A7D2A3B1C0000A950A4 /* Extension.swift */; };
		CCC80A802A3B1D1E00A950A4 /* SettingVC.swift in Sources */ = {isa = PBXBuildFile; fileRef = CCC80A7F2A3B1D1E00A950A4 /* SettingVC.swift */; };
		CCC80A822A3B1D2800A950A4 /* AboutVC.swift in Sources */ = {isa = PBXBuildFile; fileRef = CCC80A812A3B1D2800A950A4 /* AboutVC.swift */; };
		CCC80A8E2A3B3C7600A950A4 /* MoreVC.swift in Sources */ = {isa = PBXBuildFile; fileRef = CCC80A8D2A3B3C7600A950A4 /* MoreVC.swift */; };
		CCC80A902A3B3C8700A950A4 /* SalaryVC.swift in Sources */ = {isa = PBXBuildFile; fileRef = CCC80A8F2A3B3C8700A950A4 /* SalaryVC.swift */; };
		CCE8FAC72A3B65B3004A8429 /* SalaryDetailsVC.swift in Sources */ = {isa = PBXBuildFile; fileRef = CCE8FAC62A3B65B3004A8429 /* SalaryDetailsVC.swift */; };
/* End PBXBuildFile section */

/* Begin PBXFileReference section */
		CC7055F62A3B09C800C8A9B1 /* SalaryMaster.app */ = {isa = PBXFileReference; explicitFileType = wrapper.application; includeInIndex = 0; path = SalaryMaster.app; sourceTree = BUILT_PRODUCTS_DIR; };
		CC7055F92A3B09C800C8A9B1 /* AppDelegate.swift */ = {isa = PBXFileReference; lastKnownFileType = sourcecode.swift; path = AppDelegate.swift; sourceTree = "<group>"; };
		CC7055FD2A3B09C800C8A9B1 /* ViewController.swift */ = {isa = PBXFileReference; lastKnownFileType = sourcecode.swift; path = ViewController.swift; sourceTree = "<group>"; };
		CC7056002A3B09C800C8A9B1 /* Base */ = {isa = PBXFileReference; lastKnownFileType = file.storyboard; name = Base; path = Base.lproj/Main.storyboard; sourceTree = "<group>"; };
		CC7056022A3B09CA00C8A9B1 /* Assets.xcassets */ = {isa = PBXFileReference; lastKnownFileType = folder.assetcatalog; path = Assets.xcassets; sourceTree = "<group>"; };
		CC7056052A3B09CA00C8A9B1 /* Base */ = {isa = PBXFileReference; lastKnownFileType = file.storyboard; name = Base; path = Base.lproj/LaunchScreen.storyboard; sourceTree = "<group>"; };
		CC7056072A3B09CA00C8A9B1 /* Info.plist */ = {isa = PBXFileReference; lastKnownFileType = text.plist.xml; path = Info.plist; sourceTree = "<group>"; };
		CCC80A7B2A3B1BF200A950A4 /* Mydevice.swift */ = {isa = PBXFileReference; lastKnownFileType = sourcecode.swift; path = Mydevice.swift; sourceTree = "<group>"; };
		CCC80A7D2A3B1C0000A950A4 /* Extension.swift */ = {isa = PBXFileReference; lastKnownFileType = sourcecode.swift; path = Extension.swift; sourceTree = "<group>"; };
		CCC80A7F2A3B1D1E00A950A4 /* SettingVC.swift */ = {isa = PBXFileReference; lastKnownFileType = sourcecode.swift; path = SettingVC.swift; sourceTree = "<group>"; };
		CCC80A812A3B1D2800A950A4 /* AboutVC.swift */ = {isa = PBXFileReference; lastKnownFileType = sourcecode.swift; path = AboutVC.swift; sourceTree = "<group>"; };
		CCC80A8D2A3B3C7600A950A4 /* MoreVC.swift */ = {isa = PBXFileReference; lastKnownFileType = sourcecode.swift; path = MoreVC.swift; sourceTree = "<group>"; };
		CCC80A8F2A3B3C8700A950A4 /* SalaryVC.swift */ = {isa = PBXFileReference; lastKnownFileType = sourcecode.swift; path = SalaryVC.swift; sourceTree = "<group>"; };
		CCE8FAC62A3B65B3004A8429 /* SalaryDetailsVC.swift */ = {isa = PBXFileReference; lastKnownFileType = sourcecode.swift; path = SalaryDetailsVC.swift; sourceTree = "<group>"; };
/* End PBXFileReference section */

/* Begin PBXFrameworksBuildPhase section */
		CC7055F32A3B09C800C8A9B1 /* Frameworks */ = {
			isa = PBXFrameworksBuildPhase;
			buildActionMask = 2147483647;
			files = (
			);
			runOnlyForDeploymentPostprocessing = 0;
		};
/* End PBXFrameworksBuildPhase section */

/* Begin PBXGroup section */
		CC7055ED2A3B09C800C8A9B1 = {
			isa = PBXGroup;
			children = (
				CC7055F82A3B09C800C8A9B1 /* SalaryMaster */,
				CC7055F72A3B09C800C8A9B1 /* Products */,
			);
			sourceTree = "<group>";
		};
		CC7055F72A3B09C800C8A9B1 /* Products */ = {
			isa = PBXGroup;
			children = (
				CC7055F62A3B09C800C8A9B1 /* SalaryMaster.app */,
			);
			name = Products;
			sourceTree = "<group>";
		};
		CC7055F82A3B09C800C8A9B1 /* SalaryMaster */ = {
			isa = PBXGroup;
			children = (
				CC70560F2A3B0AB300C8A9B1 /* View controllers */,
				CC70560E2A3B0AAB00C8A9B1 /* Utilities */,
				CC70560D2A3B0AA500C8A9B1 /* Delegates */,
				CC7055FF2A3B09C800C8A9B1 /* Main.storyboard */,
				CC7056022A3B09CA00C8A9B1 /* Assets.xcassets */,
				CC7056042A3B09CA00C8A9B1 /* LaunchScreen.storyboard */,
				CC7056072A3B09CA00C8A9B1 /* Info.plist */,
			);
			path = SalaryMaster;
			sourceTree = "<group>";
		};
		CC70560D2A3B0AA500C8A9B1 /* Delegates */ = {
			isa = PBXGroup;
			children = (
				CC7055F92A3B09C800C8A9B1 /* AppDelegate.swift */,
			);
			path = Delegates;
			sourceTree = "<group>";
		};
		CC70560E2A3B0AAB00C8A9B1 /* Utilities */ = {
			isa = PBXGroup;
			children = (
				CCC80A7B2A3B1BF200A950A4 /* Mydevice.swift */,
				CCC80A7D2A3B1C0000A950A4 /* Extension.swift */,
			);
			path = Utilities;
			sourceTree = "<group>";
		};
		CC70560F2A3B0AB300C8A9B1 /* View controllers */ = {
			isa = PBXGroup;
			children = (
				CC7055FD2A3B09C800C8A9B1 /* ViewController.swift */,
				CCC80A7F2A3B1D1E00A950A4 /* SettingVC.swift */,
				CCC80A812A3B1D2800A950A4 /* AboutVC.swift */,
				CCC80A8D2A3B3C7600A950A4 /* MoreVC.swift */,
				CCC80A8F2A3B3C8700A950A4 /* SalaryVC.swift */,
				CCE8FAC62A3B65B3004A8429 /* SalaryDetailsVC.swift */,
			);
			path = "View controllers";
			sourceTree = "<group>";
		};
/* End PBXGroup section */

/* Begin PBXNativeTarget section */
		CC7055F52A3B09C800C8A9B1 /* SalaryMaster */ = {
			isa = PBXNativeTarget;
			buildConfigurationList = CC70560A2A3B09CA00C8A9B1 /* Build configuration list for PBXNativeTarget "SalaryMaster" */;
			buildPhases = (
				CC7055F22A3B09C800C8A9B1 /* Sources */,
				CC7055F32A3B09C800C8A9B1 /* Frameworks */,
				CC7055F42A3B09C800C8A9B1 /* Resources */,
			);
			buildRules = (
			);
			dependencies = (
			);
			name = SalaryMaster;
			productName = SalaryMaster;
			productReference = CC7055F62A3B09C800C8A9B1 /* SalaryMaster.app */;
			productType = "com.apple.product-type.application";
		};
/* End PBXNativeTarget section */

/* Begin PBXProject section */
		CC7055EE2A3B09C800C8A9B1 /* Project object */ = {
			isa = PBXProject;
			attributes = {
				BuildIndependentTargetsInParallel = 1;
				LastSwiftUpdateCheck = 1430;
				LastUpgradeCheck = 1430;
				TargetAttributes = {
					CC7055F52A3B09C800C8A9B1 = {
						CreatedOnToolsVersion = 14.3.1;
					};
				};
			};
			buildConfigurationList = CC7055F12A3B09C800C8A9B1 /* Build configuration list for PBXProject "SalaryMaster" */;
			compatibilityVersion = "Xcode 14.0";
			developmentRegion = en;
			hasScannedForEncodings = 0;
			knownRegions = (
				en,
				Base,
			);
			mainGroup = CC7055ED2A3B09C800C8A9B1;
			productRefGroup = CC7055F72A3B09C800C8A9B1 /* Products */;
			projectDirPath = "";
			projectRoot = "";
			targets = (
				CC7055F52A3B09C800C8A9B1 /* SalaryMaster */,
			);
		};
/* End PBXProject section */

/* Begin PBXResourcesBuildPhase section */
		CC7055F42A3B09C800C8A9B1 /* Resources */ = {
			isa = PBXResourcesBuildPhase;
			buildActionMask = 2147483647;
			files = (
				CC7056062A3B09CA00C8A9B1 /* LaunchScreen.storyboard in Resources */,
				CC7056032A3B09CA00C8A9B1 /* Assets.xcassets in Resources */,
				CC7056012A3B09C800C8A9B1 /* Main.storyboard in Resources */,
			);
			runOnlyForDeploymentPostprocessing = 0;
		};
/* End PBXResourcesBuildPhase section */

/* Begin PBXSourcesBuildPhase section */
		CC7055F22A3B09C800C8A9B1 /* Sources */ = {
			isa = PBXSourcesBuildPhase;
			buildActionMask = 2147483647;
			files = (
				CCC80A7C2A3B1BF200A950A4 /* Mydevice.swift in Sources */,
				CC7055FE2A3B09C800C8A9B1 /* ViewController.swift in Sources */,
				CCC80A822A3B1D2800A950A4 /* AboutVC.swift in Sources */,
				CCE8FAC72A3B65B3004A8429 /* SalaryDetailsVC.swift in Sources */,
				CCC80A8E2A3B3C7600A950A4 /* MoreVC.swift in Sources */,
				CCC80A802A3B1D1E00A950A4 /* SettingVC.swift in Sources */,
				CC7055FA2A3B09C800C8A9B1 /* AppDelegate.swift in Sources */,
				CCC80A902A3B3C8700A950A4 /* SalaryVC.swift in Sources */,
				CCC80A7E2A3B1C0000A950A4 /* Extension.swift in Sources */,
			);
			runOnlyForDeploymentPostprocessing = 0;
		};
/* End PBXSourcesBuildPhase section */

/* Begin PBXVariantGroup section */
		CC7055FF2A3B09C800C8A9B1 /* Main.storyboard */ = {
			isa = PBXVariantGroup;
			children = (
				CC7056002A3B09C800C8A9B1 /* Base */,
			);
			name = Main.storyboard;
			sourceTree = "<group>";
		};
		CC7056042A3B09CA00C8A9B1 /* LaunchScreen.storyboard */ = {
			isa = PBXVariantGroup;
			children = (
				CC7056052A3B09CA00C8A9B1 /* Base */,
			);
			name = LaunchScreen.storyboard;
			sourceTree = "<group>";
		};
/* End PBXVariantGroup section */

/* Begin XCBuildConfiguration section */
		CC7056082A3B09CA00C8A9B1 /* Debug */ = {
			isa = XCBuildConfiguration;
			buildSettings = {
				ALWAYS_SEARCH_USER_PATHS = NO;
				CLANG_ANALYZER_NONNULL = YES;
				CLANG_ANALYZER_NUMBER_OBJECT_CONVERSION = YES_AGGRESSIVE;
				CLANG_CXX_LANGUAGE_STANDARD = "gnu++20";
				CLANG_ENABLE_MODULES = YES;
				CLANG_ENABLE_OBJC_ARC = YES;
				CLANG_ENABLE_OBJC_WEAK = YES;
				CLANG_WARN_BLOCK_CAPTURE_AUTORELEASING = YES;
				CLANG_WARN_BOOL_CONVERSION = YES;
				CLANG_WARN_COMMA = YES;
				CLANG_WARN_CONSTANT_CONVERSION = YES;
				CLANG_WARN_DEPRECATED_OBJC_IMPLEMENTATIONS = YES;
				CLANG_WARN_DIRECT_OBJC_ISA_USAGE = YES_ERROR;
				CLANG_WARN_DOCUMENTATION_COMMENTS = YES;
				CLANG_WARN_EMPTY_BODY = YES;
				CLANG_WARN_ENUM_CONVERSION = YES;
				CLANG_WARN_INFINITE_RECURSION = YES;
				CLANG_WARN_INT_CONVERSION = YES;
				CLANG_WARN_NON_LITERAL_NULL_CONVERSION = YES;
				CLANG_WARN_OBJC_IMPLICIT_RETAIN_SELF = YES;
				CLANG_WARN_OBJC_LITERAL_CONVERSION = YES;
				CLANG_WARN_OBJC_ROOT_CLASS = YES_ERROR;
				CLANG_WARN_QUOTED_INCLUDE_IN_FRAMEWORK_HEADER = YES;
				CLANG_WARN_RANGE_LOOP_ANALYSIS = YES;
				CLANG_WARN_STRICT_PROTOTYPES = YES;
				CLANG_WARN_SUSPICIOUS_MOVE = YES;
				CLANG_WARN_UNGUARDED_AVAILABILITY = YES_AGGRESSIVE;
				CLANG_WARN_UNREACHABLE_CODE = YES;
				CLANG_WARN__DUPLICATE_METHOD_MATCH = YES;
				COPY_PHASE_STRIP = NO;
				DEBUG_INFORMATION_FORMAT = dwarf;
				ENABLE_STRICT_OBJC_MSGSEND = YES;
				ENABLE_TESTABILITY = YES;
				GCC_C_LANGUAGE_STANDARD = gnu11;
				GCC_DYNAMIC_NO_PIC = NO;
				GCC_NO_COMMON_BLOCKS = YES;
				GCC_OPTIMIZATION_LEVEL = 0;
				GCC_PREPROCESSOR_DEFINITIONS = (
					"DEBUG=1",
					"$(inherited)",
				);
				GCC_WARN_64_TO_32_BIT_CONVERSION = YES;
				GCC_WARN_ABOUT_RETURN_TYPE = YES_ERROR;
				GCC_WARN_UNDECLARED_SELECTOR = YES;
				GCC_WARN_UNINITIALIZED_AUTOS = YES_AGGRESSIVE;
				GCC_WARN_UNUSED_FUNCTION = YES;
				GCC_WARN_UNUSED_VARIABLE = YES;
				IPHONEOS_DEPLOYMENT_TARGET = 11.0;
				MTL_ENABLE_DEBUG_INFO = INCLUDE_SOURCE;
				MTL_FAST_MATH = YES;
				ONLY_ACTIVE_ARCH = YES;
				SDKROOT = iphoneos;
				SWIFT_ACTIVE_COMPILATION_CONDITIONS = DEBUG;
				SWIFT_OPTIMIZATION_LEVEL = "-Onone";
			};
			name = Debug;
		};
		CC7056092A3B09CA00C8A9B1 /* Release */ = {
			isa = XCBuildConfiguration;
			buildSettings = {
				ALWAYS_SEARCH_USER_PATHS = NO;
				CLANG_ANALYZER_NONNULL = YES;
				CLANG_ANALYZER_NUMBER_OBJECT_CONVERSION = YES_AGGRESSIVE;
				CLANG_CXX_LANGUAGE_STANDARD = "gnu++20";
				CLANG_ENABLE_MODULES = YES;
				CLANG_ENABLE_OBJC_ARC = YES;
				CLANG_ENABLE_OBJC_WEAK = YES;
				CLANG_WARN_BLOCK_CAPTURE_AUTORELEASING = YES;
				CLANG_WARN_BOOL_CONVERSION = YES;
				CLANG_WARN_COMMA = YES;
				CLANG_WARN_CONSTANT_CONVERSION = YES;
				CLANG_WARN_DEPRECATED_OBJC_IMPLEMENTATIONS = YES;
				CLANG_WARN_DIRECT_OBJC_ISA_USAGE = YES_ERROR;
				CLANG_WARN_DOCUMENTATION_COMMENTS = YES;
				CLANG_WARN_EMPTY_BODY = YES;
				CLANG_WARN_ENUM_CONVERSION = YES;
				CLANG_WARN_INFINITE_RECURSION = YES;
				CLANG_WARN_INT_CONVERSION = YES;
				CLANG_WARN_NON_LITERAL_NULL_CONVERSION = YES;
				CLANG_WARN_OBJC_IMPLICIT_RETAIN_SELF = YES;
				CLANG_WARN_OBJC_LITERAL_CONVERSION = YES;
				CLANG_WARN_OBJC_ROOT_CLASS = YES_ERROR;
				CLANG_WARN_QUOTED_INCLUDE_IN_FRAMEWORK_HEADER = YES;
				CLANG_WARN_RANGE_LOOP_ANALYSIS = YES;
				CLANG_WARN_STRICT_PROTOTYPES = YES;
				CLANG_WARN_SUSPICIOUS_MOVE = YES;
				CLANG_WARN_UNGUARDED_AVAILABILITY = YES_AGGRESSIVE;
				CLANG_WARN_UNREACHABLE_CODE = YES;
				CLANG_WARN__DUPLICATE_METHOD_MATCH = YES;
				COPY_PHASE_STRIP = NO;
				DEBUG_INFORMATION_FORMAT = "dwarf-with-dsym";
				ENABLE_NS_ASSERTIONS = NO;
				ENABLE_STRICT_OBJC_MSGSEND = YES;
				GCC_C_LANGUAGE_STANDARD = gnu11;
				GCC_NO_COMMON_BLOCKS = YES;
				GCC_WARN_64_TO_32_BIT_CONVERSION = YES;
				GCC_WARN_ABOUT_RETURN_TYPE = YES_ERROR;
				GCC_WARN_UNDECLARED_SELECTOR = YES;
				GCC_WARN_UNINITIALIZED_AUTOS = YES_AGGRESSIVE;
				GCC_WARN_UNUSED_FUNCTION = YES;
				GCC_WARN_UNUSED_VARIABLE = YES;
				IPHONEOS_DEPLOYMENT_TARGET = 11.0;
				MTL_ENABLE_DEBUG_INFO = NO;
				MTL_FAST_MATH = YES;
				SDKROOT = iphoneos;
				SWIFT_COMPILATION_MODE = wholemodule;
				SWIFT_OPTIMIZATION_LEVEL = "-O";
				VALIDATE_PRODUCT = YES;
			};
			name = Release;
		};
		CC70560B2A3B09CA00C8A9B1 /* Debug */ = {
			isa = XCBuildConfiguration;
			buildSettings = {
				ASSETCATALOG_COMPILER_APPICON_NAME = AppIcon;
				ASSETCATALOG_COMPILER_GLOBAL_ACCENT_COLOR_NAME = AccentColor;
				ASSETCATALOG_COMPILER_INCLUDE_ALL_APPICON_ASSETS = YES;
				CODE_SIGN_STYLE = Automatic;
				CURRENT_PROJECT_VERSION = 1;
				GENERATE_INFOPLIST_FILE = YES;
				INFOPLIST_FILE = SalaryMaster/Info.plist;
				INFOPLIST_KEY_CFBundleDisplayName = SalaryMaster;
				INFOPLIST_KEY_UIApplicationSupportsIndirectInputEvents = YES;
				INFOPLIST_KEY_UILaunchStoryboardName = LaunchScreen;
				INFOPLIST_KEY_UIMainStoryboardFile = Main;
				INFOPLIST_KEY_UISupportedInterfaceOrientations = UIInterfaceOrientationPortrait;
				INFOPLIST_KEY_UISupportedInterfaceOrientations_iPad = "UIInterfaceOrientationLandscapeLeft UIInterfaceOrientationLandscapeRight UIInterfaceOrientationPortrait UIInterfaceOrientationPortraitUpsideDown";
				LD_RUNPATH_SEARCH_PATHS = (
					"$(inherited)",
					"@executable_path/Frameworks",
				);
				MARKETING_VERSION = 1.0;
				PRODUCT_BUNDLE_IDENTIFIER = Mac.SalaryMaster;
				PRODUCT_NAME = "$(TARGET_NAME)";
				SUPPORTED_PLATFORMS = "iphoneos iphonesimulator";
				SUPPORTS_MACCATALYST = NO;
				SUPPORTS_MAC_DESIGNED_FOR_IPHONE_IPAD = NO;
				SWIFT_EMIT_LOC_STRINGS = YES;
				SWIFT_VERSION = 5.0;
				TARGETED_DEVICE_FAMILY = 1;
			};
			name = Debug;
		};
		CC70560C2A3B09CA00C8A9B1 /* Release */ = {
			isa = XCBuildConfiguration;
			buildSettings = {
				ASSETCATALOG_COMPILER_APPICON_NAME = AppIcon;
				ASSETCATALOG_COMPILER_GLOBAL_ACCENT_COLOR_NAME = AccentColor;
				ASSETCATALOG_COMPILER_INCLUDE_ALL_APPICON_ASSETS = YES;
				CODE_SIGN_STYLE = Automatic;
				CURRENT_PROJECT_VERSION = 1;
				GENERATE_INFOPLIST_FILE = YES;
				INFOPLIST_FILE = SalaryMaster/Info.plist;
				INFOPLIST_KEY_CFBundleDisplayName = SalaryMaster;
				INFOPLIST_KEY_UIApplicationSupportsIndirectInputEvents = YES;
				INFOPLIST_KEY_UILaunchStoryboardName = LaunchScreen;
				INFOPLIST_KEY_UIMainStoryboardFile = Main;
				INFOPLIST_KEY_UISupportedInterfaceOrientations = UIInterfaceOrientationPortrait;
				INFOPLIST_KEY_UISupportedInterfaceOrientations_iPad = "UIInterfaceOrientationLandscapeLeft UIInterfaceOrientationLandscapeRight UIInterfaceOrientationPortrait UIInterfaceOrientationPortraitUpsideDown";
				LD_RUNPATH_SEARCH_PATHS = (
					"$(inherited)",
					"@executable_path/Frameworks",
				);
				MARKETING_VERSION = 1.0;
				PRODUCT_BUNDLE_IDENTIFIER = Mac.SalaryMaster;
				PRODUCT_NAME = "$(TARGET_NAME)";
				SUPPORTED_PLATFORMS = "iphoneos iphonesimulator";
				SUPPORTS_MACCATALYST = NO;
				SUPPORTS_MAC_DESIGNED_FOR_IPHONE_IPAD = NO;
				SWIFT_EMIT_LOC_STRINGS = YES;
				SWIFT_VERSION = 5.0;
				TARGETED_DEVICE_FAMILY = 1;
			};
			name = Release;
		};
/* End XCBuildConfiguration section */

/* Begin XCConfigurationList section */
		CC7055F12A3B09C800C8A9B1 /* Build configuration list for PBXProject "SalaryMaster" */ = {
			isa = XCConfigurationList;
			buildConfigurations = (
				CC7056082A3B09CA00C8A9B1 /* Debug */,
				CC7056092A3B09CA00C8A9B1 /* Release */,
			);
			defaultConfigurationIsVisible = 0;
			defaultConfigurationName = Release;
		};
		CC70560A2A3B09CA00C8A9B1 /* Build configuration list for PBXNativeTarget "SalaryMaster" */ = {
			isa = XCConfigurationList;
			buildConfigurations = (
				CC70560B2A3B09CA00C8A9B1 /* Debug */,
				CC70560C2A3B09CA00C8A9B1 /* Release */,
			);
			defaultConfigurationIsVisible = 0;
			defaultConfigurationName = Release;
		};
/* End XCConfigurationList section */
	};
	rootObject = CC7055EE2A3B09C800C8A9B1 /* Project object */;
}
